[[package]]
name = "appdirs"
version = "1.4.4"
description = "A small Python module for determining appropriate platform-specific dirs, e.g. a \"user data dir\"."
category = "main"
optional = false
python-versions = "*"

[[package]]
name = "astor"
version = "0.8.1"
description = "Read/rewrite/write Python ASTs"
category = "main"
optional = false
python-versions = "!=3.0.*,!=3.1.*,!=3.2.*,!=3.3.*,>=2.7"

[[package]]
name = "colorama"
version = "0.4.4"
description = "Cross-platform colored terminal text."
category = "main"
optional = false
python-versions = ">=2.7, !=3.0.*, !=3.1.*, !=3.2.*, !=3.3.*, !=3.4.*"

[[package]]
name = "docopt"
version = "0.6.2"
description = "Pythonic argument parser, that will make you smile"
category = "main"
optional = false
python-versions = "*"

[[package]]
name = "funcparserlib"
version = "1.0.0"
description = "Recursive descent parsing library based on functional combinators"
category = "main"
optional = false
python-versions = ">=2.7, !=3.0.*, !=3.1.*, !=3.2.*, !=3.3.*, !=3.4.*, !=3.5.*, !=3.6.*"

[[package]]
name = "hy"
version = "1.0a4"
description = "Lisp and Python love each other."
category = "main"
optional = false
python-versions = ">= 3.7, < 3.11"

[package.dependencies]
astor = {version = ">=0.8", markers = "python_version < \"3.9\""}
colorama = "*"
funcparserlib = ">=1.0.0a0"
rply = ">=0.7.7"

[[package]]
name = "hyrule"
version = "0.1"
description = "A utility library for the Hy programming language"
category = "main"
optional = false
python-versions = "*"

[package.dependencies]
hy = "1.0a4"

[[package]]
name = "python-dateutil"
version = "2.8.2"
description = "Extensions to the standard Python datetime module"
category = "main"
optional = false
python-versions = "!=3.0.*,!=3.1.*,!=3.2.*,>=2.7"

[package.dependencies]
six = ">=1.5"

[[package]]
name = "python-magic"
version = "0.4.25"
description = "File type identification using libmagic"
category = "main"
optional = false
python-versions = ">=2.7, !=3.0.*, !=3.1.*, !=3.2.*, !=3.3.*, !=3.4.*"

[[package]]
name = "rply"
version = "0.7.8"
description = "A pure Python Lex/Yacc that works with RPython"
category = "main"
optional = false
python-versions = "*"

[package.dependencies]
appdirs = "*"

[[package]]
name = "six"
version = "1.16.0"
description = "Python 2 and 3 compatibility utilities"
category = "main"
optional = false
python-versions = ">=2.7, !=3.0.*, !=3.1.*, !=3.2.*"

[[package]]
name = "xdg"
version = "4.0.1"
description = "Variables defined by the XDG Base Directory Specification"
category = "main"
optional = false
python-versions = ">=3.6,<4.0"

[[package]]
name = "xtract"
version = "0.1a3"
description = "Library to (un)pack archives and (de)compress files"
category = "main"
optional = false
python-versions = "*"

[package.dependencies]
python-magic = "*"

[metadata]
lock-version = "1.1"
python-versions = ">=3.8,<3.11"
content-hash = "1d11b23981eb089d1b05f31f33183bd06459110f0576f51e0550af27417631c4"

[metadata.files]
appdirs = [
    {file = "appdirs-1.4.4-py2.py3-none-any.whl", hash = "sha256:a841dacd6b99318a741b166adb07e19ee71a274450e68237b4650ca1055ab128"},
    {file = "appdirs-1.4.4.tar.gz", hash = "sha256:7d5d0167b2b1ba821647616af46a749d1c653740dd0d2415100fe26e27afdf41"},
]
astor = [
    {file = "astor-0.8.1-py2.py3-none-any.whl", hash = "sha256:070a54e890cefb5b3739d19f30f5a5ec840ffc9c50ffa7d23cc9fc1a38ebbfc5"},
    {file = "astor-0.8.1.tar.gz", hash = "sha256:6a6effda93f4e1ce9f618779b2dd1d9d84f1e32812c23a29b3fff6fd7f63fa5e"},
]
colorama = [
    {file = "colorama-0.4.4-py2.py3-none-any.whl", hash = "sha256:9f47eda37229f68eee03b24b9748937c7dc3868f906e8ba69fbcbdd3bc5dc3e2"},
    {file = "colorama-0.4.4.tar.gz", hash = "sha256:5941b2b48a20143d2267e95b1c2a7603ce057ee39fd88e7329b0c292aa16869b"},
]
docopt = [
    {file = "docopt-0.6.2.tar.gz", hash = "sha256:49b3a825280bd66b3aa83585ef59c4a8c82f2c8a522dbe754a8bc8d08c85c491"},
]
funcparserlib = [
    {file = "funcparserlib-1.0.0-py2.py3-none-any.whl", hash = "sha256:280fa30e608d547581d65f9294f9bbda7475da86d85119079da4a8402315025f"},
    {file = "funcparserlib-1.0.0.tar.gz", hash = "sha256:7dd33dd4299fc55cbdbf4b9fdfb3abc54d3b5ed0c694b83fb38e9e3e8ac38b6b"},
]
hy = [
    {file = "hy-1.0a4-py3-none-any.whl", hash = "sha256:bc484395b1bf7c900d8239e977ac5bcd377101bf04cb3dabc37fe1737d8ad908"},
    {file = "hy-1.0a4.tar.gz", hash = "sha256:f514e45f1b71127f88ed0f233675698326b85a3bb204a3f9d9afab559bf3efb9"},
]
hyrule = [
    {file = "hyrule-0.1-py3-none-any.whl", hash = "sha256:9626be102a47ddb1cb61c2464560063f094541c7990d82e15ca312dd41385703"},
    {file = "hyrule-0.1.tar.gz", hash = "sha256:be7e09f285ef74a18f56a1686a87c7281df85e8a8113eceb0b575cdea40e7cd1"},
]
python-dateutil = [
    {file = "python-dateutil-2.8.2.tar.gz", hash = "sha256:0123cacc1627ae19ddf3c27a5de5bd67ee4586fbdd6440d9748f8abb483d3e86"},
    {file = "python_dateutil-2.8.2-py2.py3-none-any.whl", hash = "sha256:961d03dc3453ebbc59dbdea9e4e11c5651520a876d0f4db161e8674aae935da9"},
]
python-magic = [
    {file = "python-magic-0.4.25.tar.gz", hash = "sha256:21f5f542aa0330f5c8a64442528542f6215c8e18d2466b399b0d9d39356d83fc"},
    {file = "python_magic-0.4.25-py2.py3-none-any.whl", hash = "sha256:1a2c81e8f395c744536369790bd75094665e9644110a6623bcc3bbea30f03973"},
]
rply = [
    {file = "rply-0.7.8-py2.py3-none-any.whl", hash = "sha256:28ffd11d656c48aeb8c508eb382acd6a0bd906662624b34388751732a27807e7"},
    {file = "rply-0.7.8.tar.gz", hash = "sha256:2a808ac25a4580a9991fc304d64434e299a8fc75760574492f242cbb5bb301c9"},
]
six = [
    {file = "six-1.16.0-py2.py3-none-any.whl", hash = "sha256:8abb2f1d86890a2dfb989f9a77cfcfd3e47c2a354b01111771326f8aa26e0254"},
    {file = "six-1.16.0.tar.gz", hash = "sha256:1e61c37477a1626458e36f7b1d82aa5c9b094fa4802892072e49de9c60c4c926"},
]
xdg = [
    {file = "xdg-4.0.1-py3-none-any.whl", hash = "sha256:bf9032b027e3061d38c362a21b14dcf057a5b5a4906956f8e8278cefdf73f38b"},
    {file = "xdg-4.0.1.tar.gz", hash = "sha256:c939c99def394cbaf765a3ee55efd6ea7e4c5eaed8d9ebc2d03af84ba35dec57"},
]
xtract = [
    {file = "xtract-0.1a3-py2.py3-none-any.whl", hash = "sha256:e085b268480f2123d1f7e25411a13721e987cfa064447afdbe895949cfe2899a"},
    {file = "xtract-0.1a3.tar.gz", hash = "sha256:1baac33be7494a106233e0db9de8d3ccc743635092a9b134641151c71bc322e3"},
]
