[[package]]
category = "main"
description = "A small Python module for determining appropriate platform-specific dirs, e.g. a \"user data dir\"."
name = "appdirs"
optional = false
python-versions = "*"
version = "1.4.4"

[[package]]
category = "main"
description = "Read/rewrite/write Python ASTs"
name = "astor"
optional = false
python-versions = "!=3.0.*,!=3.1.*,!=3.2.*,!=3.3.*,>=2.7"
version = "0.8.1"

[[package]]
category = "main"
description = "Cross-platform colored terminal text."
name = "colorama"
optional = false
python-versions = ">=2.7, !=3.0.*, !=3.1.*, !=3.2.*, !=3.3.*, !=3.4.*"
version = "0.4.4"

[[package]]
category = "main"
description = "Pythonic argument parser, that will make you smile"
name = "docopt"
optional = false
python-versions = "*"
version = "0.6.2"

[[package]]
category = "main"
description = "Infer file type and MIME type of any file/buffer. No external dependencies."
name = "filetype"
optional = false
python-versions = "*"
version = "1.0.7"

[[package]]
category = "main"
description = "Recursive descent parsing library based on functional combinators"
name = "funcparserlib"
optional = false
python-versions = "*"
version = "0.3.6"

[[package]]
category = "main"
description = "Lisp and Python love each other."
name = "hy"
optional = false
python-versions = "*"
version = "0.19.0"

[package.dependencies]
astor = ">=0.8"
colorama = "*"
funcparserlib = ">=0.3.6"
rply = ">=0.7.7"

[[package]]
category = "main"
description = "Extensions to the standard Python datetime module"
name = "python-dateutil"
optional = false
python-versions = "!=3.0.*,!=3.1.*,!=3.2.*,>=2.7"
version = "2.8.1"

[package.dependencies]
six = ">=1.5"

[[package]]
category = "main"
description = "File type identification using libmagic"
name = "python-magic"
optional = false
python-versions = ">=2.7, !=3.0.*, !=3.1.*, !=3.2.*, !=3.3.*, !=3.4.*"
version = "0.4.18"

[[package]]
category = "main"
description = "A pure Python Lex/Yacc that works with RPython"
name = "rply"
optional = false
python-versions = "*"
version = "0.7.7"

[package.dependencies]
appdirs = "*"

[[package]]
category = "main"
description = "Python 2 and 3 compatibility utilities"
name = "six"
optional = false
python-versions = ">=2.7, !=3.0.*, !=3.1.*, !=3.2.*"
version = "1.15.0"

[[package]]
category = "main"
description = "Variables defined by the XDG Base Directory Specification"
name = "xdg"
optional = false
python-versions = ">=3.6,<4.0"
version = "4.0.1"

[[package]]
category = "main"
description = "Library to (un)pack archives and (de)compress files"
name = "xtract"
optional = false
python-versions = "*"
version = "0.1a3"

[package.dependencies]
python-magic = "*"

[metadata]
content-hash = "9b3332c7c3b5a10ba4105ff978ffa9b5e03a749c06cd49eae7d2b11e03e10bc3"
python-versions = "^3.8"

[metadata.files]
appdirs = [
    {file = "appdirs-1.4.4-py2.py3-none-any.whl", hash = "sha256:a841dacd6b99318a741b166adb07e19ee71a274450e68237b4650ca1055ab128"},
    {file = "appdirs-1.4.4.tar.gz", hash = "sha256:7d5d0167b2b1ba821647616af46a749d1c653740dd0d2415100fe26e27afdf41"},
]
astor = [
    {file = "astor-0.8.1-py2.py3-none-any.whl", hash = "sha256:070a54e890cefb5b3739d19f30f5a5ec840ffc9c50ffa7d23cc9fc1a38ebbfc5"},
    {file = "astor-0.8.1.tar.gz", hash = "sha256:6a6effda93f4e1ce9f618779b2dd1d9d84f1e32812c23a29b3fff6fd7f63fa5e"},
]
colorama = [
    {file = "colorama-0.4.4-py2.py3-none-any.whl", hash = "sha256:9f47eda37229f68eee03b24b9748937c7dc3868f906e8ba69fbcbdd3bc5dc3e2"},
    {file = "colorama-0.4.4.tar.gz", hash = "sha256:5941b2b48a20143d2267e95b1c2a7603ce057ee39fd88e7329b0c292aa16869b"},
]
docopt = [
    {file = "docopt-0.6.2.tar.gz", hash = "sha256:49b3a825280bd66b3aa83585ef59c4a8c82f2c8a522dbe754a8bc8d08c85c491"},
]
filetype = [
    {file = "filetype-1.0.7-py2.py3-none-any.whl", hash = "sha256:353369948bb1c09b8b3ea3d78390b5586e9399bff9aab894a1dff954e31a66f6"},
    {file = "filetype-1.0.7.tar.gz", hash = "sha256:da393ece8d98b47edf2dd5a85a2c8733e44b769e32c71af4cd96ed8d38d96aa7"},
]
funcparserlib = [
    {file = "funcparserlib-0.3.6.tar.gz", hash = "sha256:b7992eac1a3eb97b3d91faa342bfda0729e990bd8a43774c1592c091e563c91d"},
]
hy = [
    {file = "hy-0.19.0-py2.py3-none-any.whl", hash = "sha256:d2ed54995f05518c8038d06d916cb960e9e56050c4c4426cb11d0ed9650ab2e2"},
    {file = "hy-0.19.0.tar.gz", hash = "sha256:3a5a1d76ddeb2f1d5de71ad1b1167799850db955b5eb0258e351fb182b2e6016"},
]
python-dateutil = [
    {file = "python-dateutil-2.8.1.tar.gz", hash = "sha256:73ebfe9dbf22e832286dafa60473e4cd239f8592f699aa5adaf10050e6e1823c"},
    {file = "python_dateutil-2.8.1-py2.py3-none-any.whl", hash = "sha256:75bb3f31ea686f1197762692a9ee6a7550b59fc6ca3a1f4b5d7e32fb98e2da2a"},
]
python-magic = [
    {file = "python-magic-0.4.18.tar.gz", hash = "sha256:b757db2a5289ea3f1ced9e60f072965243ea43a2221430048fd8cacab17be0ce"},
    {file = "python_magic-0.4.18-py2.py3-none-any.whl", hash = "sha256:356efa93c8899047d1eb7d3eb91e871ba2f5b1376edbaf4cc305e3c872207355"},
]
rply = [
    {file = "rply-0.7.7-py2.py3-none-any.whl", hash = "sha256:2c8083bf2853642a0e24de9a9db3ce2d25b3153037a7298d2ff9434413744e33"},
    {file = "rply-0.7.7.tar.gz", hash = "sha256:4d6d25703efd28fb3d5707f7b3bd4fe66c306159a5c25af10ba26d206a66d00d"},
]
six = [
    {file = "six-1.15.0-py2.py3-none-any.whl", hash = "sha256:8b74bedcbbbaca38ff6d7491d76f2b06b3592611af620f8426e82dddb04a5ced"},
    {file = "six-1.15.0.tar.gz", hash = "sha256:30639c035cdb23534cd4aa2dd52c3bf48f06e5f4a941509c8bafd8ce11080259"},
]
xdg = [
    {file = "xdg-4.0.1-py3-none-any.whl", hash = "sha256:bf9032b027e3061d38c362a21b14dcf057a5b5a4906956f8e8278cefdf73f38b"},
    {file = "xdg-4.0.1.tar.gz", hash = "sha256:c939c99def394cbaf765a3ee55efd6ea7e4c5eaed8d9ebc2d03af84ba35dec57"},
]
xtract = [
    {file = "xtract-0.1a3-py2.py3-none-any.whl", hash = "sha256:e085b268480f2123d1f7e25411a13721e987cfa064447afdbe895949cfe2899a"},
    {file = "xtract-0.1a3.tar.gz", hash = "sha256:1baac33be7494a106233e0db9de8d3ccc743635092a9b134641151c71bc322e3"},
]
