version = 1
requires-python = ">=3.8, <3.13"

[[package]]
name = "anyio"
version = "4.5.0"
source = { registry = "https://pypi.org/simple" }
dependencies = [
    { name = "exceptiongroup", marker = "python_full_version < '3.11'" },
    { name = "idna" },
    { name = "sniffio" },
    { name = "typing-extensions", marker = "python_full_version < '3.11'" },
]
sdist = { url = "https://files.pythonhosted.org/packages/a0/44/66874c5256e9fbc30103b31927fd9341c8da6ccafd4721b2b3e81e6ef176/anyio-4.5.0.tar.gz", hash = "sha256:c5a275fe5ca0afd788001f58fca1e69e29ce706d746e317d660e21f70c530ef9", size = 169376 }
wheels = [
    { url = "https://files.pythonhosted.org/packages/3b/68/f9e9bf6324c46e6b8396610aef90ad423ec3e18c9079547ceafea3dce0ec/anyio-4.5.0-py3-none-any.whl", hash = "sha256:fdeb095b7cc5a5563175eedd926ec4ae55413bb4be5770c424af0ba46ccb4a78", size = 89250 },
]

[[package]]
name = "astor"
version = "0.8.1"
source = { registry = "https://pypi.org/simple" }
sdist = { url = "https://files.pythonhosted.org/packages/5a/21/75b771132fee241dfe601d39ade629548a9626d1d39f333fde31bc46febe/astor-0.8.1.tar.gz", hash = "sha256:6a6effda93f4e1ce9f618779b2dd1d9d84f1e32812c23a29b3fff6fd7f63fa5e", size = 35090 }
wheels = [
    { url = "https://files.pythonhosted.org/packages/c3/88/97eef84f48fa04fbd6750e62dcceafba6c63c81b7ac1420856c8dcc0a3f9/astor-0.8.1-py2.py3-none-any.whl", hash = "sha256:070a54e890cefb5b3739d19f30f5a5ec840ffc9c50ffa7d23cc9fc1a38ebbfc5", size = 27488 },
]

[[package]]
name = "certifi"
version = "2024.8.30"
source = { registry = "https://pypi.org/simple" }
sdist = { url = "https://files.pythonhosted.org/packages/b0/ee/9b19140fe824b367c04c5e1b369942dd754c4c5462d5674002f75c4dedc1/certifi-2024.8.30.tar.gz", hash = "sha256:bec941d2aa8195e248a60b31ff9f0558284cf01a52591ceda73ea9afffd69fd9", size = 168507 }
wheels = [
    { url = "https://files.pythonhosted.org/packages/12/90/3c9ff0512038035f59d279fddeb79f5f1eccd8859f06d6163c58798b9487/certifi-2024.8.30-py3-none-any.whl", hash = "sha256:922820b53db7a7257ffbda3f597266d435245903d80737e34f8a45ff3e3230d8", size = 167321 },
]

[[package]]
name = "docopt"
version = "0.6.2"
source = { registry = "https://pypi.org/simple" }
sdist = { url = "https://files.pythonhosted.org/packages/a2/55/8f8cab2afd404cf578136ef2cc5dfb50baa1761b68c9da1fb1e4eed343c9/docopt-0.6.2.tar.gz", hash = "sha256:49b3a825280bd66b3aa83585ef59c4a8c82f2c8a522dbe754a8bc8d08c85c491", size = 25901 }

[[package]]
name = "exceptiongroup"
version = "1.2.2"
source = { registry = "https://pypi.org/simple" }
sdist = { url = "https://files.pythonhosted.org/packages/09/35/2495c4ac46b980e4ca1f6ad6db102322ef3ad2410b79fdde159a4b0f3b92/exceptiongroup-1.2.2.tar.gz", hash = "sha256:47c2edf7c6738fafb49fd34290706d1a1a2f4d1c6df275526b62cbb4aa5393cc", size = 28883 }
wheels = [
    { url = "https://files.pythonhosted.org/packages/02/cc/b7e31358aac6ed1ef2bb790a9746ac2c69bcb3c8588b41616914eb106eaf/exceptiongroup-1.2.2-py3-none-any.whl", hash = "sha256:3111b9d131c238bec2f8f516e123e14ba243563fb135d3fe885990585aa7795b", size = 16453 },
]

[[package]]
name = "funcparserlib"
version = "1.0.1"
source = { registry = "https://pypi.org/simple" }
sdist = { url = "https://files.pythonhosted.org/packages/93/44/a21dfd9c45ad6909257e5186378a4fedaf41406824ce1ec06bc2a6c168e7/funcparserlib-1.0.1.tar.gz", hash = "sha256:a2c4a0d7942f7a0e7635c369d921066c8d4cae7f8b5bf7914466bec3c69837f4", size = 17238 }
wheels = [
    { url = "https://files.pythonhosted.org/packages/83/66/acd740d84f59c655935f586c113a863aa404dfe932052a68a1163d88ea63/funcparserlib-1.0.1-py2.py3-none-any.whl", hash = "sha256:95da15d3f0d00b9b6f4bf04005c708af3faa115f7b45692ace064ebe758c68e8", size = 17842 },
]

[[package]]
name = "ghdl"
version = "0.4.8"
source = { editable = "." }
dependencies = [
    { name = "docopt" },
    { name = "httpx" },
    { name = "hy" },
    { name = "hyrule" },
    { name = "python-dateutil" },
    { name = "python-magic" },
    { name = "xdg" },
    { name = "xtract" },
]

[package.metadata]
requires-dist = [
    { name = "docopt", specifier = ">=0.6.2" },
    { name = "httpx", specifier = ">=0.27.0" },
    { name = "hy", specifier = ">=1.0.0" },
    { name = "hyrule", specifier = ">=0.7.0" },
    { name = "python-dateutil", specifier = ">=2.8.1" },
    { name = "python-magic", specifier = ">=0.4.25" },
    { name = "xdg", specifier = ">=4.0.1" },
    { name = "xtract", specifier = "==0.1a3" },
]

[[package]]
name = "h11"
version = "0.14.0"
source = { registry = "https://pypi.org/simple" }
sdist = { url = "https://files.pythonhosted.org/packages/f5/38/3af3d3633a34a3316095b39c8e8fb4853a28a536e55d347bd8d8e9a14b03/h11-0.14.0.tar.gz", hash = "sha256:8f19fbbe99e72420ff35c00b27a34cb9937e902a8b810e2c88300c6f0a3b699d", size = 100418 }
wheels = [
    { url = "https://files.pythonhosted.org/packages/95/04/ff642e65ad6b90db43e668d70ffb6736436c7ce41fcc549f4e9472234127/h11-0.14.0-py3-none-any.whl", hash = "sha256:e3fe4ac4b851c468cc8363d500db52c2ead036020723024a109d37346efaa761", size = 58259 },
]

[[package]]
name = "httpcore"
version = "1.0.5"
source = { registry = "https://pypi.org/simple" }
dependencies = [
    { name = "certifi" },
    { name = "h11" },
]
sdist = { url = "https://files.pythonhosted.org/packages/17/b0/5e8b8674f8d203335a62fdfcfa0d11ebe09e23613c3391033cbba35f7926/httpcore-1.0.5.tar.gz", hash = "sha256:34a38e2f9291467ee3b44e89dd52615370e152954ba21721378a87b2960f7a61", size = 83234 }
wheels = [
    { url = "https://files.pythonhosted.org/packages/78/d4/e5d7e4f2174f8a4d63c8897d79eb8fe2503f7ecc03282fee1fa2719c2704/httpcore-1.0.5-py3-none-any.whl", hash = "sha256:421f18bac248b25d310f3cacd198d55b8e6125c107797b609ff9b7a6ba7991b5", size = 77926 },
]

[[package]]
name = "httpx"
version = "0.27.2"
source = { registry = "https://pypi.org/simple" }
dependencies = [
    { name = "anyio" },
    { name = "certifi" },
    { name = "httpcore" },
    { name = "idna" },
    { name = "sniffio" },
]
sdist = { url = "https://files.pythonhosted.org/packages/78/82/08f8c936781f67d9e6b9eeb8a0c8b4e406136ea4c3d1f89a5db71d42e0e6/httpx-0.27.2.tar.gz", hash = "sha256:f7c2be1d2f3c3c3160d441802406b206c2b76f5947b11115e6df10c6c65e66c2", size = 144189 }
wheels = [
    { url = "https://files.pythonhosted.org/packages/56/95/9377bcb415797e44274b51d46e3249eba641711cf3348050f76ee7b15ffc/httpx-0.27.2-py3-none-any.whl", hash = "sha256:7bb2708e112d8fdd7829cd4243970f0c223274051cb35ee80c03301ee29a3df0", size = 76395 },
]

[[package]]
name = "hy"
version = "1.0.0"
source = { registry = "https://pypi.org/simple" }
dependencies = [
    { name = "astor", marker = "python_full_version < '3.9'" },
    { name = "funcparserlib" },
]
sdist = { url = "https://files.pythonhosted.org/packages/ab/7f/f8061ae737f6a564c3d4f80287bd5ff46afc1f606617a9cb5c797e6a974a/hy-1.0.0.tar.gz", hash = "sha256:3a00013e075ff5ce8f5d475ca2be47e4c871f09184ba3533787cb544d32d1f9e", size = 121792 }

[[package]]
name = "hyrule"
version = "0.7.0"
source = { registry = "https://pypi.org/simple" }
dependencies = [
    { name = "hy" },
]
sdist = { url = "https://files.pythonhosted.org/packages/59/f6/55dbed29f7b16b393d5aba61bd69762cc836089e1ff922779b09f7dd8827/hyrule-0.7.0.tar.gz", hash = "sha256:3a4b3568abfe16d16895e584c0db84c1251d258fe234ba86f072906b90545ce8", size = 32955 }

[[package]]
name = "idna"
version = "3.10"
source = { registry = "https://pypi.org/simple" }
sdist = { url = "https://files.pythonhosted.org/packages/f1/70/7703c29685631f5a7590aa73f1f1d3fa9a380e654b86af429e0934a32f7d/idna-3.10.tar.gz", hash = "sha256:12f65c9b470abda6dc35cf8e63cc574b1c52b11df2c86030af0ac09b01b13ea9", size = 190490 }
wheels = [
    { url = "https://files.pythonhosted.org/packages/76/c6/c88e154df9c4e1a2a66ccf0005a88dfb2650c1dffb6f5ce603dfbd452ce3/idna-3.10-py3-none-any.whl", hash = "sha256:946d195a0d259cbba61165e88e65941f16e9b36ea6ddb97f00452bae8b1287d3", size = 70442 },
]

[[package]]
name = "python-dateutil"
version = "2.9.0.post0"
source = { registry = "https://pypi.org/simple" }
dependencies = [
    { name = "six" },
]
sdist = { url = "https://files.pythonhosted.org/packages/66/c0/0c8b6ad9f17a802ee498c46e004a0eb49bc148f2fd230864601a86dcf6db/python-dateutil-2.9.0.post0.tar.gz", hash = "sha256:37dd54208da7e1cd875388217d5e00ebd4179249f90fb72437e91a35459a0ad3", size = 342432 }
wheels = [
    { url = "https://files.pythonhosted.org/packages/ec/57/56b9bcc3c9c6a792fcbaf139543cee77261f3651ca9da0c93f5c1221264b/python_dateutil-2.9.0.post0-py2.py3-none-any.whl", hash = "sha256:a8b2bc7bffae282281c8140a97d3aa9c14da0b136dfe83f850eea9a5f7470427", size = 229892 },
]

[[package]]
name = "python-magic"
version = "0.4.27"
source = { registry = "https://pypi.org/simple" }
sdist = { url = "https://files.pythonhosted.org/packages/da/db/0b3e28ac047452d079d375ec6798bf76a036a08182dbb39ed38116a49130/python-magic-0.4.27.tar.gz", hash = "sha256:c1ba14b08e4a5f5c31a302b7721239695b2f0f058d125bd5ce1ee36b9d9d3c3b", size = 14677 }
wheels = [
    { url = "https://files.pythonhosted.org/packages/6c/73/9f872cb81fc5c3bb48f7227872c28975f998f3e7c2b1c16e95e6432bbb90/python_magic-0.4.27-py2.py3-none-any.whl", hash = "sha256:c212960ad306f700aa0d01e5d7a325d20548ff97eb9920dcd29513174f0294d3", size = 13840 },
]

[[package]]
name = "six"
version = "1.16.0"
source = { registry = "https://pypi.org/simple" }
sdist = { url = "https://files.pythonhosted.org/packages/71/39/171f1c67cd00715f190ba0b100d606d440a28c93c7714febeca8b79af85e/six-1.16.0.tar.gz", hash = "sha256:1e61c37477a1626458e36f7b1d82aa5c9b094fa4802892072e49de9c60c4c926", size = 34041 }
wheels = [
    { url = "https://files.pythonhosted.org/packages/d9/5a/e7c31adbe875f2abbb91bd84cf2dc52d792b5a01506781dbcf25c91daf11/six-1.16.0-py2.py3-none-any.whl", hash = "sha256:8abb2f1d86890a2dfb989f9a77cfcfd3e47c2a354b01111771326f8aa26e0254", size = 11053 },
]

[[package]]
name = "sniffio"
version = "1.3.1"
source = { registry = "https://pypi.org/simple" }
sdist = { url = "https://files.pythonhosted.org/packages/a2/87/a6771e1546d97e7e041b6ae58d80074f81b7d5121207425c964ddf5cfdbd/sniffio-1.3.1.tar.gz", hash = "sha256:f4324edc670a0f49750a81b895f35c3adb843cca46f0530f79fc1babb23789dc", size = 20372 }
wheels = [
    { url = "https://files.pythonhosted.org/packages/e9/44/75a9c9421471a6c4805dbf2356f7c181a29c1879239abab1ea2cc8f38b40/sniffio-1.3.1-py3-none-any.whl", hash = "sha256:2f6da418d1f1e0fddd844478f41680e794e6051915791a034ff65e5f100525a2", size = 10235 },
]

[[package]]
name = "typing-extensions"
version = "4.12.2"
source = { registry = "https://pypi.org/simple" }
sdist = { url = "https://files.pythonhosted.org/packages/df/db/f35a00659bc03fec321ba8bce9420de607a1d37f8342eee1863174c69557/typing_extensions-4.12.2.tar.gz", hash = "sha256:1a7ead55c7e559dd4dee8856e3a88b41225abfe1ce8df57b7c13915fe121ffb8", size = 85321 }
wheels = [
    { url = "https://files.pythonhosted.org/packages/26/9f/ad63fc0248c5379346306f8668cda6e2e2e9c95e01216d2b8ffd9ff037d0/typing_extensions-4.12.2-py3-none-any.whl", hash = "sha256:04e5ca0351e0f3f85c6853954072df659d0d13fac324d0072316b67d7794700d", size = 37438 },
]

[[package]]
name = "xdg"
version = "6.0.0"
source = { registry = "https://pypi.org/simple" }
sdist = { url = "https://files.pythonhosted.org/packages/2a/b9/0e6e6f19fb75cf5e1758f4f33c1256738f718966700cffc0fde2f966218b/xdg-6.0.0.tar.gz", hash = "sha256:24278094f2d45e846d1eb28a2ebb92d7b67fc0cab5249ee3ce88c95f649a1c92", size = 3453 }
wheels = [
    { url = "https://files.pythonhosted.org/packages/dd/54/3516c1cf349060fc3578686d271eba242f10ec00b4530c2985af9faac49b/xdg-6.0.0-py3-none-any.whl", hash = "sha256:df3510755b4395157fc04fc3b02467c777f3b3ca383257397f09ab0d4c16f936", size = 3855 },
]

[[package]]
name = "xtract"
version = "0.1a3"
source = { registry = "https://pypi.org/simple" }
dependencies = [
    { name = "python-magic" },
]
sdist = { url = "https://files.pythonhosted.org/packages/35/75/e5f69665d910be47838cb95bd534f7ca1c47faf47dec147533b94433a13d/xtract-0.1a3.tar.gz", hash = "sha256:1baac33be7494a106233e0db9de8d3ccc743635092a9b134641151c71bc322e3", size = 20926 }
wheels = [
    { url = "https://files.pythonhosted.org/packages/37/74/2d74c59ae912dc9336d87e2ff16fa09c9d2f8b4abdd11c5c9d6770948add/xtract-0.1a3-py2.py3-none-any.whl", hash = "sha256:e085b268480f2123d1f7e25411a13721e987cfa064447afdbe895949cfe2899a", size = 13772 },
]
